
Microsoft Visual Studio Solution File, Format Version 12.00
# Visual Studio 15
VisualStudioVersion = 15.0.28307.2017
MinimumVisualStudioVersion = 10.0.40219.1
Project("{FAE04EC0-301F-11D3-BF4B-00C04F79EFBC}") = "test1", "test1\test1.csproj", "{01CECD64-9221-4BB8-B19B-82A87DCB7583}"
EndProject
Project("{54435603-DBB4-11D2-8724-00A0C9A8B90C}") = "Setup", "Setup\Setup.vdproj", "{E170D62B-D3B1-40E0-B7E3-873EAB4D6A8D}"
EndProject
Global
	GlobalSection(SolutionConfigurationPlatforms) = preSolution
		Debug|Any CPU = Debug|Any CPU
		Release|Any CPU = Release|Any CPU
	EndGlobalSection
	GlobalSection(ProjectConfigurationPlatforms) = postSolution
		{01CECD64-9221-4BB8-B19B-82A87DCB7583}.Debug|Any CPU.ActiveCfg = Debug|Any CPU
		{01CECD64-9221-4BB8-B19B-82A87DCB7583}.Debug|Any CPU.Build.0 = Debug|Any CPU
		{01CECD64-9221-4BB8-B19B-82A87DCB7583}.Release|Any CPU.ActiveCfg = Release|Any CPU
		{01CECD64-9221-4BB8-B19B-82A87DCB7583}.Release|Any CPU.Build.0 = Release|Any CPU
		{E170D62B-D3B1-40E0-B7E3-873EAB4D6A8D}.Debug|Any CPU.ActiveCfg = Debug
		{E170D62B-D3B1-40E0-B7E3-873EAB4D6A8D}.Release|Any CPU.ActiveCfg = Release
	EndGlobalSection
	GlobalSection(SolutionProperties) = preSolution
		HideSolutionNode = FALSE
	EndGlobalSection
	GlobalSection(ExtensibilityGlobals) = postSolution
		SolutionGuid = {6164091A-8FCE-40B2-A7EE-3AF9EBC51537}
	EndGlobalSection
EndGlobal
